
Microsoft Visual Studio Solution File, Format Version 12.00
# Visual Studio 15
VisualStudioVersion = 15.0.27130.2036
MinimumVisualStudioVersion = 10.0.40219.1
Project("{FAE04EC0-301F-11D3-BF4B-00C04F79EFBC}") = "Min_of_3", "Min_of_3\Min_of_3.csproj", "{8C83CF59-FD0C-45B8-8A29-7920EFE1E597}"
EndProject
Project("{FAE04EC0-301F-11D3-BF4B-00C04F79EFBC}") = "Number_of_digits", "Number_of_digits\Number_of_digits.csproj", "{B3A91F24-EC97-4127-9FF6-BB6A1ECA817F}"
EndProject
Project("{FAE04EC0-301F-11D3-BF4B-00C04F79EFBC}") = "Sum_of_positive_odds", "Sum_of_positive_odds\Sum_of_positive_odds.csproj", "{B61C5CAB-7FA0-4CB3-8258-3F0E1FD72D89}"
EndProject
Project("{FAE04EC0-301F-11D3-BF4B-00C04F79EFBC}") = "LoginPass", "LoginPass\LoginPass.csproj", "{2B9F54FD-F34A-4B51-9BCD-D77AEE121F80}"
EndProject
Project("{FAE04EC0-301F-11D3-BF4B-00C04F79EFBC}") = "BodyMassIndex_v2", "BodyMassIndex_v2\BodyMassIndex_v2.csproj", "{C321D60E-4A52-4818-AFF5-F91C8399B16C}"
EndProject
Project("{FAE04EC0-301F-11D3-BF4B-00C04F79EFBC}") = "Good_Numbers", "Good_Numbers\Good_Numbers.csproj", "{2335F991-10D1-4332-A14A-98DBC16C94B6}"
EndProject
Global
	GlobalSection(SolutionConfigurationPlatforms) = preSolution
		Debug|Any CPU = Debug|Any CPU
		Release|Any CPU = Release|Any CPU
	EndGlobalSection
	GlobalSection(ProjectConfigurationPlatforms) = postSolution
		{8C83CF59-FD0C-45B8-8A29-7920EFE1E597}.Debug|Any CPU.ActiveCfg = Debug|Any CPU
		{8C83CF59-FD0C-45B8-8A29-7920EFE1E597}.Debug|Any CPU.Build.0 = Debug|Any CPU
		{8C83CF59-FD0C-45B8-8A29-7920EFE1E597}.Release|Any CPU.ActiveCfg = Release|Any CPU
		{8C83CF59-FD0C-45B8-8A29-7920EFE1E597}.Release|Any CPU.Build.0 = Release|Any CPU
		{B3A91F24-EC97-4127-9FF6-BB6A1ECA817F}.Debug|Any CPU.ActiveCfg = Debug|Any CPU
		{B3A91F24-EC97-4127-9FF6-BB6A1ECA817F}.Debug|Any CPU.Build.0 = Debug|Any CPU
		{B3A91F24-EC97-4127-9FF6-BB6A1ECA817F}.Release|Any CPU.ActiveCfg = Release|Any CPU
		{B3A91F24-EC97-4127-9FF6-BB6A1ECA817F}.Release|Any CPU.Build.0 = Release|Any CPU
		{B61C5CAB-7FA0-4CB3-8258-3F0E1FD72D89}.Debug|Any CPU.ActiveCfg = Debug|Any CPU
		{B61C5CAB-7FA0-4CB3-8258-3F0E1FD72D89}.Debug|Any CPU.Build.0 = Debug|Any CPU
		{B61C5CAB-7FA0-4CB3-8258-3F0E1FD72D89}.Release|Any CPU.ActiveCfg = Release|Any CPU
		{B61C5CAB-7FA0-4CB3-8258-3F0E1FD72D89}.Release|Any CPU.Build.0 = Release|Any CPU
		{2B9F54FD-F34A-4B51-9BCD-D77AEE121F80}.Debug|Any CPU.ActiveCfg = Debug|Any CPU
		{2B9F54FD-F34A-4B51-9BCD-D77AEE121F80}.Debug|Any CPU.Build.0 = Debug|Any CPU
		{2B9F54FD-F34A-4B51-9BCD-D77AEE121F80}.Release|Any CPU.ActiveCfg = Release|Any CPU
		{2B9F54FD-F34A-4B51-9BCD-D77AEE121F80}.Release|Any CPU.Build.0 = Release|Any CPU
		{C321D60E-4A52-4818-AFF5-F91C8399B16C}.Debug|Any CPU.ActiveCfg = Debug|Any CPU
		{C321D60E-4A52-4818-AFF5-F91C8399B16C}.Debug|Any CPU.Build.0 = Debug|Any CPU
		{C321D60E-4A52-4818-AFF5-F91C8399B16C}.Release|Any CPU.ActiveCfg = Release|Any CPU
		{C321D60E-4A52-4818-AFF5-F91C8399B16C}.Release|Any CPU.Build.0 = Release|Any CPU
		{2335F991-10D1-4332-A14A-98DBC16C94B6}.Debug|Any CPU.ActiveCfg = Debug|Any CPU
		{2335F991-10D1-4332-A14A-98DBC16C94B6}.Debug|Any CPU.Build.0 = Debug|Any CPU
		{2335F991-10D1-4332-A14A-98DBC16C94B6}.Release|Any CPU.ActiveCfg = Release|Any CPU
		{2335F991-10D1-4332-A14A-98DBC16C94B6}.Release|Any CPU.Build.0 = Release|Any CPU
	EndGlobalSection
	GlobalSection(SolutionProperties) = preSolution
		HideSolutionNode = FALSE
	EndGlobalSection
	GlobalSection(ExtensibilityGlobals) = postSolution
		SolutionGuid = {18B84B8C-24D9-4DF1-A9E1-6B2C4E790C10}
	EndGlobalSection
EndGlobal
