
Microsoft Visual Studio Solution File, Format Version 12.00
# Visual Studio 15
VisualStudioVersion = 15.0.27130.2036
MinimumVisualStudioVersion = 10.0.40219.1
Project("{FAE04EC0-301F-11D3-BF4B-00C04F79EFBC}") = "Anketa", "Anketa_1\Anketa.csproj", "{D480A70F-8336-46D5-9213-D28393E50685}"
EndProject
Project("{FAE04EC0-301F-11D3-BF4B-00C04F79EFBC}") = "Body_mass_index", "Body_weight_index\Body_mass_index.csproj", "{B5AF60A6-5B73-463D-9B76-BB31851A2857}"
EndProject
Project("{FAE04EC0-301F-11D3-BF4B-00C04F79EFBC}") = "Distance_Calc", "Distance_Calc\Distance_Calc.csproj", "{7726B840-0CD1-486E-933B-5A608DE56D18}"
EndProject
Project("{FAE04EC0-301F-11D3-BF4B-00C04F79EFBC}") = "Variable_Exchange", "Variable_Exchange\Variable_Exchange.csproj", "{7F7EE9B6-00A9-4B47-90ED-EBFE0428170C}"
EndProject
Project("{FAE04EC0-301F-11D3-BF4B-00C04F79EFBC}") = "Output_Playground", "Output_Playground\Output_Playground.csproj", "{29624096-8A1B-4E73-B49D-4DD390AFC7BE}"
EndProject
Global
	GlobalSection(SolutionConfigurationPlatforms) = preSolution
		Debug|Any CPU = Debug|Any CPU
		Release|Any CPU = Release|Any CPU
	EndGlobalSection
	GlobalSection(ProjectConfigurationPlatforms) = postSolution
		{D480A70F-8336-46D5-9213-D28393E50685}.Debug|Any CPU.ActiveCfg = Debug|Any CPU
		{D480A70F-8336-46D5-9213-D28393E50685}.Debug|Any CPU.Build.0 = Debug|Any CPU
		{D480A70F-8336-46D5-9213-D28393E50685}.Release|Any CPU.ActiveCfg = Release|Any CPU
		{D480A70F-8336-46D5-9213-D28393E50685}.Release|Any CPU.Build.0 = Release|Any CPU
		{B5AF60A6-5B73-463D-9B76-BB31851A2857}.Debug|Any CPU.ActiveCfg = Debug|Any CPU
		{B5AF60A6-5B73-463D-9B76-BB31851A2857}.Debug|Any CPU.Build.0 = Debug|Any CPU
		{B5AF60A6-5B73-463D-9B76-BB31851A2857}.Release|Any CPU.ActiveCfg = Release|Any CPU
		{B5AF60A6-5B73-463D-9B76-BB31851A2857}.Release|Any CPU.Build.0 = Release|Any CPU
		{7726B840-0CD1-486E-933B-5A608DE56D18}.Debug|Any CPU.ActiveCfg = Debug|Any CPU
		{7726B840-0CD1-486E-933B-5A608DE56D18}.Debug|Any CPU.Build.0 = Debug|Any CPU
		{7726B840-0CD1-486E-933B-5A608DE56D18}.Release|Any CPU.ActiveCfg = Release|Any CPU
		{7726B840-0CD1-486E-933B-5A608DE56D18}.Release|Any CPU.Build.0 = Release|Any CPU
		{7F7EE9B6-00A9-4B47-90ED-EBFE0428170C}.Debug|Any CPU.ActiveCfg = Debug|Any CPU
		{7F7EE9B6-00A9-4B47-90ED-EBFE0428170C}.Debug|Any CPU.Build.0 = Debug|Any CPU
		{7F7EE9B6-00A9-4B47-90ED-EBFE0428170C}.Release|Any CPU.ActiveCfg = Release|Any CPU
		{7F7EE9B6-00A9-4B47-90ED-EBFE0428170C}.Release|Any CPU.Build.0 = Release|Any CPU
		{29624096-8A1B-4E73-B49D-4DD390AFC7BE}.Debug|Any CPU.ActiveCfg = Debug|Any CPU
		{29624096-8A1B-4E73-B49D-4DD390AFC7BE}.Debug|Any CPU.Build.0 = Debug|Any CPU
		{29624096-8A1B-4E73-B49D-4DD390AFC7BE}.Release|Any CPU.ActiveCfg = Release|Any CPU
		{29624096-8A1B-4E73-B49D-4DD390AFC7BE}.Release|Any CPU.Build.0 = Release|Any CPU
	EndGlobalSection
	GlobalSection(SolutionProperties) = preSolution
		HideSolutionNode = FALSE
	EndGlobalSection
	GlobalSection(ExtensibilityGlobals) = postSolution
		SolutionGuid = {649E16D0-AC7B-4A99-A27A-33935A4F730E}
	EndGlobalSection
EndGlobal
